
Microsoft Visual Studio Solution File, Format Version 12.00
Project("{FAE04EC0-301F-11D3-BF4B-00C04F79EFBC}") = "Login.Tests", "Login.Tests\Login.Tests.csproj", "{FEEA50C1-D941-4C18-89B7-EE213E577A6A}"
EndProject
Project("{FAE04EC0-301F-11D3-BF4B-00C04F79EFBC}") = "Payment.Tests", "Payment.Tests\Payment.Tests.csproj", "{6C861C19-E1AD-412C-BE73-388BBD187F33}"
EndProject
Global
	GlobalSection(SolutionConfigurationPlatforms) = preSolution
		Debug|Any CPU = Debug|Any CPU
		Release|Any CPU = Release|Any CPU
	EndGlobalSection
	GlobalSection(ProjectConfigurationPlatforms) = postSolution
		{FEEA50C1-D941-4C18-89B7-EE213E577A6A}.Debug|Any CPU.ActiveCfg = Debug|Any CPU
		{FEEA50C1-D941-4C18-89B7-EE213E577A6A}.Debug|Any CPU.Build.0 = Debug|Any CPU
		{FEEA50C1-D941-4C18-89B7-EE213E577A6A}.Release|Any CPU.ActiveCfg = Release|Any CPU
		{FEEA50C1-D941-4C18-89B7-EE213E577A6A}.Release|Any CPU.Build.0 = Release|Any CPU
		{6C861C19-E1AD-412C-BE73-388BBD187F33}.Debug|Any CPU.ActiveCfg = Debug|Any CPU
		{6C861C19-E1AD-412C-BE73-388BBD187F33}.Debug|Any CPU.Build.0 = Debug|Any CPU
		{6C861C19-E1AD-412C-BE73-388BBD187F33}.Release|Any CPU.ActiveCfg = Release|Any CPU
		{6C861C19-E1AD-412C-BE73-388BBD187F33}.Release|Any CPU.Build.0 = Release|Any CPU
	EndGlobalSection
EndGlobal
